PODS:
  - MKColorPicker (1.0)
  - MKMagneticProgress (1.4)

DEPENDENCIES:
  - MKColorPicker
  - MKMagneticProgress (from `../`)

SPEC REPOS:
  trunk:
    - MKColorPicker

EXTERNAL SOURCES:
  MKMagneticProgress:
    :path: "../"

SPEC CHECKSUMS:
  MKColorPicker: bd6eaf70ea6ab7b92e5706e13ba4eaa93e637517
  MKMagneticProgress: 92b17c6d0161d90b673251ac601448f09db77c52

PODFILE CHECKSUM: 3146da4a7d5cc0c7e48021be3ecf302844197949

COCOAPODS: 1.13.0
